
Microsoft Visual Studio Solution File, Format Version 12.00
# Visual Studio Version 17
VisualStudioVersion = 17.9.34616.47
MinimumVisualStudioVersion = 10.0.40219.1
Project("{FAE04EC0-301F-11D3-BF4B-00C04F79EFBC}") = "Uncle's Pay", "Uncle's Pay\Uncle's Pay.csproj", "{B249297B-B95C-4BD2-A48E-9666285EF467}"
EndProject
Global
	GlobalSection(SolutionConfigurationPlatforms) = preSolution
		Debug|Any CPU = Debug|Any CPU
		Release|Any CPU = Release|Any CPU
	EndGlobalSection
	GlobalSection(ProjectConfigurationPlatforms) = postSolution
		{B249297B-B95C-4BD2-A48E-9666285EF467}.Debug|Any CPU.ActiveCfg = Debug|Any CPU
		{B249297B-B95C-4BD2-A48E-9666285EF467}.Debug|Any CPU.Build.0 = Debug|Any CPU
		{B249297B-B95C-4BD2-A48E-9666285EF467}.Release|Any CPU.ActiveCfg = Release|Any CPU
		{B249297B-B95C-4BD2-A48E-9666285EF467}.Release|Any CPU.Build.0 = Release|Any CPU
	EndGlobalSection
	GlobalSection(SolutionProperties) = preSolution
		HideSolutionNode = FALSE
	EndGlobalSection
	GlobalSection(ExtensibilityGlobals) = postSolution
		SolutionGuid = {DD66F680-F756-419F-B25A-1B7C01617CE0}
	EndGlobalSection
EndGlobal
